{
  "name": "circledisc-heroku",
  "version": "0.1.0",
  "lockfileVersion": 1,
  "requires": true,
  "dependencies": {
    "bluebird": {
      "version": "3.5.1",
      "resolved": "https://registry.npmjs.org/bluebird/-/bluebird-3.5.1.tgz",
      "integrity": "sha512-MKiLiV+I1AA596t9w1sQJ8jkiSr5+ZKi0WKrYGUn6d1Fx+Ij4tIj+m2WMQSGczs5jZVxV339chE8iwk6F64wjA==",
      "optional": true
    },
    "circledisc": {
      "version": "0.2.6",
      "resolved": "https://registry.npmjs.org/circledisc/-/circledisc-0.2.6.tgz",
      "integrity": "sha512-vCkwmBLEvy2E0rOhae5/6gEUf/7fZ000sTENHDISBHc1Q7AO86JORNZ2W8nUNPg+SeC3VOTb5+rJ+4u/IpjMcg==",
      "requires": {
        "bluebird": "3.5.1",
        "eventemitter3": "3.0.1"
      }
    },
    "eventemitter3": {
      "version": "3.0.1",
      "resolved": "https://registry.npmjs.org/eventemitter3/-/eventemitter3-3.0.1.tgz",
      "integrity": "sha512-QOCPu979MMWX9XNlfRZoin+Wm+bK1SP7vv3NGUniYwuSJK/+cPA10blMaeRgzg31RvoSFk6FsCDVa4vNryBTGA==",
      "optional": true
    }
  }
}
